
Microsoft Visual Studio Solution File, Format Version 12.00
# Visual Studio Version 16
VisualStudioVersion = 16.0.30523.141
MinimumVisualStudioVersion = 10.0.40219.1
Project("{9A19103F-16F7-4668-BE54-9A1E7A4F7556}") = "SMBClient", "SMBClient.csproj", "{32254B00-1A49-44D1-84C2-629C9F85FF19}"
EndProject
Global
	GlobalSection(SolutionConfigurationPlatforms) = preSolution
		Debug|Any CPU = Debug|Any CPU
		Release|Any CPU = Release|Any CPU
	EndGlobalSection
	GlobalSection(ProjectConfigurationPlatforms) = postSolution
		{A6F9CE3B-EBBD-4E44-BED2-DF430BA26106}.Debug|Any CPU.ActiveCfg = Debug|Any CPU
		{A6F9CE3B-EBBD-4E44-BED2-DF430BA26106}.Debug|Any CPU.Build.0 = Debug|Any CPU
		{A6F9CE3B-EBBD-4E44-BED2-DF430BA26106}.Release|Any CPU.ActiveCfg = Release|Any CPU
		{A6F9CE3B-EBBD-4E44-BED2-DF430BA26106}.Release|Any CPU.Build.0 = Release|Any CPU
		{32254B00-1A49-44D1-84C2-629C9F85FF19}.Debug|Any CPU.ActiveCfg = Debug|Any CPU
		{32254B00-1A49-44D1-84C2-629C9F85FF19}.Debug|Any CPU.Build.0 = Debug|Any CPU
		{32254B00-1A49-44D1-84C2-629C9F85FF19}.Release|Any CPU.ActiveCfg = Release|Any CPU
		{32254B00-1A49-44D1-84C2-629C9F85FF19}.Release|Any CPU.Build.0 = Release|Any CPU
	EndGlobalSection
	GlobalSection(SolutionProperties) = preSolution
		HideSolutionNode = FALSE
	EndGlobalSection
	GlobalSection(ExtensibilityGlobals) = postSolution
		SolutionGuid = {B02BD9B6-3550-4C5A-9E8C-DC9F8C828D99}
	EndGlobalSection
EndGlobal
